
Microsoft Visual Studio Solution File, Format Version 12.00
Project("{FAE04EC0-301F-11D3-BF4B-00C04F79EFBC}") = "WineMate.Catalog", "WineMate.Catalog\WineMate.Catalog.csproj", "{CCCD969F-A86F-453A-A40E-586CB19DA25E}"
EndProject
Project("{FAE04EC0-301F-11D3-BF4B-00C04F79EFBC}") = "WineMate.Reviews", "WineMate.Reviews\WineMate.Reviews.csproj", "{B4825612-EFB6-42F7-B1BF-5CA4C697BDD9}"
EndProject
Project("{FAE04EC0-301F-11D3-BF4B-00C04F79EFBC}") = "WineMate.Contracts", "WineMate.Contracts\WineMate.Contracts.csproj", "{4A336E5A-A3F6-46D5-B5F3-8C68361C2A0C}"
EndProject
Project("{FAE04EC0-301F-11D3-BF4B-00C04F79EFBC}") = "WineMate.Gateway", "WineMate.Gateway\WineMate.Gateway.csproj", "{80A432C8-D163-412B-A95E-8EC8093E5D42}"
EndProject
Project("{FAE04EC0-301F-11D3-BF4B-00C04F79EFBC}") = "WineMate.Common", "WineMate.Common\WineMate.Common.csproj", "{0D896570-83F9-43B9-8CEA-4B9EE0313D8D}"
EndProject
Project("{FAE04EC0-301F-11D3-BF4B-00C04F79EFBC}") = "WineMate.Identity", "WineMate.Identity\WineMate.Identity.csproj", "{A1462B17-9598-40E0-B88B-CC52E622AFC8}"
EndProject
Global
	GlobalSection(SolutionConfigurationPlatforms) = preSolution
		Debug|Any CPU = Debug|Any CPU
		Release|Any CPU = Release|Any CPU
	EndGlobalSection
	GlobalSection(ProjectConfigurationPlatforms) = postSolution
		{CCCD969F-A86F-453A-A40E-586CB19DA25E}.Debug|Any CPU.ActiveCfg = Debug|Any CPU
		{CCCD969F-A86F-453A-A40E-586CB19DA25E}.Debug|Any CPU.Build.0 = Debug|Any CPU
		{CCCD969F-A86F-453A-A40E-586CB19DA25E}.Release|Any CPU.ActiveCfg = Release|Any CPU
		{CCCD969F-A86F-453A-A40E-586CB19DA25E}.Release|Any CPU.Build.0 = Release|Any CPU
		{B4825612-EFB6-42F7-B1BF-5CA4C697BDD9}.Debug|Any CPU.ActiveCfg = Debug|Any CPU
		{B4825612-EFB6-42F7-B1BF-5CA4C697BDD9}.Debug|Any CPU.Build.0 = Debug|Any CPU
		{B4825612-EFB6-42F7-B1BF-5CA4C697BDD9}.Release|Any CPU.ActiveCfg = Release|Any CPU
		{B4825612-EFB6-42F7-B1BF-5CA4C697BDD9}.Release|Any CPU.Build.0 = Release|Any CPU
		{4A336E5A-A3F6-46D5-B5F3-8C68361C2A0C}.Debug|Any CPU.ActiveCfg = Debug|Any CPU
		{4A336E5A-A3F6-46D5-B5F3-8C68361C2A0C}.Debug|Any CPU.Build.0 = Debug|Any CPU
		{4A336E5A-A3F6-46D5-B5F3-8C68361C2A0C}.Release|Any CPU.ActiveCfg = Release|Any CPU
		{4A336E5A-A3F6-46D5-B5F3-8C68361C2A0C}.Release|Any CPU.Build.0 = Release|Any CPU
		{80A432C8-D163-412B-A95E-8EC8093E5D42}.Debug|Any CPU.ActiveCfg = Debug|Any CPU
		{80A432C8-D163-412B-A95E-8EC8093E5D42}.Debug|Any CPU.Build.0 = Debug|Any CPU
		{80A432C8-D163-412B-A95E-8EC8093E5D42}.Release|Any CPU.ActiveCfg = Release|Any CPU
		{80A432C8-D163-412B-A95E-8EC8093E5D42}.Release|Any CPU.Build.0 = Release|Any CPU
		{0D896570-83F9-43B9-8CEA-4B9EE0313D8D}.Debug|Any CPU.ActiveCfg = Debug|Any CPU
		{0D896570-83F9-43B9-8CEA-4B9EE0313D8D}.Debug|Any CPU.Build.0 = Debug|Any CPU
		{0D896570-83F9-43B9-8CEA-4B9EE0313D8D}.Release|Any CPU.ActiveCfg = Release|Any CPU
		{0D896570-83F9-43B9-8CEA-4B9EE0313D8D}.Release|Any CPU.Build.0 = Release|Any CPU
		{A1462B17-9598-40E0-B88B-CC52E622AFC8}.Debug|Any CPU.ActiveCfg = Debug|Any CPU
		{A1462B17-9598-40E0-B88B-CC52E622AFC8}.Debug|Any CPU.Build.0 = Debug|Any CPU
		{A1462B17-9598-40E0-B88B-CC52E622AFC8}.Release|Any CPU.ActiveCfg = Release|Any CPU
		{A1462B17-9598-40E0-B88B-CC52E622AFC8}.Release|Any CPU.Build.0 = Release|Any CPU
	EndGlobalSection
EndGlobal
